
Microsoft Visual Studio Solution File, Format Version 12.00
# Visual Studio Version 17
VisualStudioVersion = 17.6.33723.286
MinimumVisualStudioVersion = 10.0.40219.1
Project("{8BC9CEB8-8B4A-11D0-8D11-00A0C91BC942}") = "ServiceSample", "ServiceSample.vcxproj", "{7E982D14-BF35-4FFB-B561-ABA48AB24A15}"
EndProject
Global
	GlobalSection(SolutionConfigurationPlatforms) = preSolution
		Debug|x64 = Debug|x64
		Debug|x86 = Debug|x86
		Release|x64 = Release|x64
		Release|x86 = Release|x86
	EndGlobalSection
	GlobalSection(ProjectConfigurationPlatforms) = postSolution
		{7E982D14-BF35-4FFB-B561-ABA48AB24A15}.Debug|x64.ActiveCfg = Debug|x64
		{7E982D14-BF35-4FFB-B561-ABA48AB24A15}.Debug|x64.Build.0 = Debug|x64
		{7E982D14-BF35-4FFB-B561-ABA48AB24A15}.Debug|x86.ActiveCfg = Debug|Win32
		{7E982D14-BF35-4FFB-B561-ABA48AB24A15}.Debug|x86.Build.0 = Debug|Win32
		{7E982D14-BF35-4FFB-B561-ABA48AB24A15}.Release|x64.ActiveCfg = Release|x64
		{7E982D14-BF35-4FFB-B561-ABA48AB24A15}.Release|x64.Build.0 = Release|x64
		{7E982D14-BF35-4FFB-B561-ABA48AB24A15}.Release|x86.ActiveCfg = Release|Win32
		{7E982D14-BF35-4FFB-B561-ABA48AB24A15}.Release|x86.Build.0 = Release|Win32
	EndGlobalSection
	GlobalSection(SolutionProperties) = preSolution
		HideSolutionNode = FALSE
	EndGlobalSection
	GlobalSection(ExtensibilityGlobals) = postSolution
		SolutionGuid = {80D71705-CDA0-4D63-A409-ABD0CD510A7D}
	EndGlobalSection
EndGlobal
